// !$*UTF8*$!
{
	archiveVersion = 1;
	classes = {
	};
	objectVersion = 46;
	objects = {

/* Begin PBXBuildFile section */
		BD6862F21A41516E00B08E61 /* Item.swift in Sources */ = {isa = PBXBuildFile; fileRef = BDF377A91A413CCD007FC9BA /* Item.swift */; };
		BD6862F31A41523400B08E61 /* Model.xcdatamodeld in Sources */ = {isa = PBXBuildFile; fileRef = BDF377A61A413BFD007FC9BA /* Model.xcdatamodeld */; };
		BD833B4C1D4C6EAD0034B233 /* chart1.png in Resources */ = {isa = PBXBuildFile; fileRef = BD833B481D4C6EAD0034B233 /* chart1.png */; };
		BD833B4D1D4C6EAD0034B233 /* folder1.png in Resources */ = {isa = PBXBuildFile; fileRef = BD833B491D4C6EAD0034B233 /* folder1.png */; };
		BD833B4E1D4C6EAD0034B233 /* gear1.png in Resources */ = {isa = PBXBuildFile; fileRef = BD833B4A1D4C6EAD0034B233 /* gear1.png */; };
		BD833B4F1D4C6EAD0034B233 /* list1.png in Resources */ = {isa = PBXBuildFile; fileRef = BD833B4B1D4C6EAD0034B233 /* list1.png */; };
		BD833B511D4F11200034B233 /* DetailViewController.swift in Sources */ = {isa = PBXBuildFile; fileRef = BD833B501D4F11200034B233 /* DetailViewController.swift */; };
		BD833B531D4F14D50034B233 /* Folder.swift in Sources */ = {isa = PBXBuildFile; fileRef = BD833B521D4F14D50034B233 /* Folder.swift */; };
		BDE711351AB55B5F0075A0F9 /* FolderPageViewController.swift in Sources */ = {isa = PBXBuildFile; fileRef = BDE711341AB55B5F0075A0F9 /* FolderPageViewController.swift */; };
		BDE711371AB55E260075A0F9 /* TotalsPageViewController.swift in Sources */ = {isa = PBXBuildFile; fileRef = BDE711361AB55E260075A0F9 /* TotalsPageViewController.swift */; };
		BDF377761A41350A007FC9BA /* AppDelegate.swift in Sources */ = {isa = PBXBuildFile; fileRef = BDF377751A41350A007FC9BA /* AppDelegate.swift */; };
		BDF377781A41350A007FC9BA /* PracticeTimeTableViewController.swift in Sources */ = {isa = PBXBuildFile; fileRef = BDF377771A41350A007FC9BA /* PracticeTimeTableViewController.swift */; };
		BDF3777B1A41350A007FC9BA /* Main.storyboard in Resources */ = {isa = PBXBuildFile; fileRef = BDF377791A41350A007FC9BA /* Main.storyboard */; };
		BDF3777D1A41350A007FC9BA /* Images.xcassets in Resources */ = {isa = PBXBuildFile; fileRef = BDF3777C1A41350A007FC9BA /* Images.xcassets */; };
		BDF377801A41350A007FC9BA /* LaunchScreen.xib in Resources */ = {isa = PBXBuildFile; fileRef = BDF3777E1A41350A007FC9BA /* LaunchScreen.xib */; };
		BDF3779C1A41368B007FC9BA /* DetailPageViewController.swift in Sources */ = {isa = PBXBuildFile; fileRef = BDF3779B1A41368B007FC9BA /* DetailPageViewController.swift */; };
		BDF3779E1A4136B9007FC9BA /* DataStore.swift in Sources */ = {isa = PBXBuildFile; fileRef = BDF3779D1A4136B9007FC9BA /* DataStore.swift */; };
/* End PBXBuildFile section */

/* Begin PBXContainerItemProxy section */
		BDF377861A41350A007FC9BA /* PBXContainerItemProxy */ = {
			isa = PBXContainerItemProxy;
			containerPortal = BDF377681A41350A007FC9BA /* Project object */;
			proxyType = 1;
			remoteGlobalIDString = BDF3776F1A41350A007FC9BA;
			remoteInfo = tester;
		};
/* End PBXContainerItemProxy section */

/* Begin PBXFileReference section */
		BD833B481D4C6EAD0034B233 /* chart1.png */ = {isa = PBXFileReference; lastKnownFileType = image.png; path = chart1.png; sourceTree = "<group>"; };
		BD833B491D4C6EAD0034B233 /* folder1.png */ = {isa = PBXFileReference; lastKnownFileType = image.png; path = folder1.png; sourceTree = "<group>"; };
		BD833B4A1D4C6EAD0034B233 /* gear1.png */ = {isa = PBXFileReference; lastKnownFileType = image.png; path = gear1.png; sourceTree = "<group>"; };
		BD833B4B1D4C6EAD0034B233 /* list1.png */ = {isa = PBXFileReference; lastKnownFileType = image.png; path = list1.png; sourceTree = "<group>"; };
		BD833B501D4F11200034B233 /* DetailViewController.swift */ = {isa = PBXFileReference; fileEncoding = 4; lastKnownFileType = sourcecode.swift; path = DetailViewController.swift; sourceTree = "<group>"; };
		BD833B521D4F14D50034B233 /* Folder.swift */ = {isa = PBXFileReference; fileEncoding = 4; lastKnownFileType = sourcecode.swift; path = Folder.swift; sourceTree = "<group>"; };
		BDE711341AB55B5F0075A0F9 /* FolderPageViewController.swift */ = {isa = PBXFileReference; fileEncoding = 4; lastKnownFileType = sourcecode.swift; path = FolderPageViewController.swift; sourceTree = "<group>"; };
		BDE711361AB55E260075A0F9 /* TotalsPageViewController.swift */ = {isa = PBXFileReference; fileEncoding = 4; lastKnownFileType = sourcecode.swift; path = TotalsPageViewController.swift; sourceTree = "<group>"; };
		BDF377701A41350A007FC9BA /* PracticeTime.app */ = {isa = PBXFileReference; explicitFileType = wrapper.application; includeInIndex = 0; path = PracticeTime.app; sourceTree = BUILT_PRODUCTS_DIR; };
		BDF377751A41350A007FC9BA /* AppDelegate.swift */ = {isa = PBXFileReference; lastKnownFileType = sourcecode.swift; path = AppDelegate.swift; sourceTree = "<group>"; };
		BDF377771A41350A007FC9BA /* PracticeTimeTableViewController.swift */ = {isa = PBXFileReference; lastKnownFileType = sourcecode.swift; path = PracticeTimeTableViewController.swift; sourceTree = "<group>"; };
		BDF3777A1A41350A007FC9BA /* Base */ = {isa = PBXFileReference; lastKnownFileType = file.storyboard; name = Base; path = Base.lproj/Main.storyboard; sourceTree = "<group>"; };
		BDF3777C1A41350A007FC9BA /* Images.xcassets */ = {isa = PBXFileReference; lastKnownFileType = folder.assetcatalog; path = Images.xcassets; sourceTree = "<group>"; };
		BDF3777F1A41350A007FC9BA /* Base */ = {isa = PBXFileReference; lastKnownFileType = file.xib; name = Base; path = Base.lproj/LaunchScreen.xib; sourceTree = "<group>"; };
		BDF377851A41350A007FC9BA /* PracticeTimeTests.xctest */ = {isa = PBXFileReference; explicitFileType = wrapper.cfbundle; includeInIndex = 0; path = PracticeTimeTests.xctest; sourceTree = BUILT_PRODUCTS_DIR; };
		BDF3778A1A41350A007FC9BA /* Info.plist */ = {isa = PBXFileReference; lastKnownFileType = text.plist.xml; path = Info.plist; sourceTree = "<group>"; };
		BDF3779B1A41368B007FC9BA /* DetailPageViewController.swift */ = {isa = PBXFileReference; fileEncoding = 4; lastKnownFileType = sourcecode.swift; path = DetailPageViewController.swift; sourceTree = "<group>"; };
		BDF3779D1A4136B9007FC9BA /* DataStore.swift */ = {isa = PBXFileReference; fileEncoding = 4; lastKnownFileType = sourcecode.swift; path = DataStore.swift; sourceTree = "<group>"; };
		BDF377A71A413BFD007FC9BA /* Model.xcdatamodel */ = {isa = PBXFileReference; lastKnownFileType = wrapper.xcdatamodel; path = Model.xcdatamodel; sourceTree = "<group>"; };
		BDF377A91A413CCD007FC9BA /* Item.swift */ = {isa = PBXFileReference; fileEncoding = 4; lastKnownFileType = sourcecode.swift; path = Item.swift; sourceTree = "<group>"; };
/* End PBXFileReference section */

/* Begin PBXFrameworksBuildPhase section */
		BDF3776D1A41350A007FC9BA /* Frameworks */ = {
			isa = PBXFrameworksBuildPhase;
			buildActionMask = 2147483647;
			files = (
			);
			runOnlyForDeploymentPostprocessing = 0;
		};
		BDF377821A41350A007FC9BA /* Frameworks */ = {
			isa = PBXFrameworksBuildPhase;
			buildActionMask = 2147483647;
			files = (
			);
			runOnlyForDeploymentPostprocessing = 0;
		};
/* End PBXFrameworksBuildPhase section */

/* Begin PBXGroup section */
		BDF377671A41350A007FC9BA = {
			isa = PBXGroup;
			children = (
				BDF377721A41350A007FC9BA /* tester */,
				BDF377881A41350A007FC9BA /* testerTests */,
				BDF377711A41350A007FC9BA /* Products */,
			);
			sourceTree = "<group>";
		};
		BDF377711A41350A007FC9BA /* Products */ = {
			isa = PBXGroup;
			children = (
				BDF377701A41350A007FC9BA /* PracticeTime.app */,
				BDF377851A41350A007FC9BA /* PracticeTimeTests.xctest */,
			);
			name = Products;
			sourceTree = "<group>";
		};
		BDF377721A41350A007FC9BA /* tester */ = {
			isa = PBXGroup;
			children = (
				BDE711361AB55E260075A0F9 /* TotalsPageViewController.swift */,
				BDF377751A41350A007FC9BA /* AppDelegate.swift */,
				BDF377771A41350A007FC9BA /* PracticeTimeTableViewController.swift */,
				BDE711341AB55B5F0075A0F9 /* FolderPageViewController.swift */,
				BDF3779B1A41368B007FC9BA /* DetailPageViewController.swift */,
				BD833B501D4F11200034B233 /* DetailViewController.swift */,
				BDF3779D1A4136B9007FC9BA /* DataStore.swift */,
				BDF377A91A413CCD007FC9BA /* Item.swift */,
				BD833B521D4F14D50034B233 /* Folder.swift */,
				BDF377A61A413BFD007FC9BA /* Model.xcdatamodeld */,
				BDF377791A41350A007FC9BA /* Main.storyboard */,
				BDF3777E1A41350A007FC9BA /* LaunchScreen.xib */,
				BDF3777C1A41350A007FC9BA /* Images.xcassets */,
				BD833B481D4C6EAD0034B233 /* chart1.png */,
				BD833B491D4C6EAD0034B233 /* folder1.png */,
				BD833B4A1D4C6EAD0034B233 /* gear1.png */,
				BD833B4B1D4C6EAD0034B233 /* list1.png */,
			);
			path = tester;
			sourceTree = "<group>";
		};
		BDF377881A41350A007FC9BA /* testerTests */ = {
			isa = PBXGroup;
			children = (
				BDF377891A41350A007FC9BA /* Supporting Files */,
			);
			path = testerTests;
			sourceTree = "<group>";
		};
		BDF377891A41350A007FC9BA /* Supporting Files */ = {
			isa = PBXGroup;
			children = (
				BDF3778A1A41350A007FC9BA /* Info.plist */,
			);
			name = "Supporting Files";
			sourceTree = "<group>";
		};
/* End PBXGroup section */

/* Begin PBXNativeTarget section */
		BDF3776F1A41350A007FC9BA /* PracticeTime */ = {
			isa = PBXNativeTarget;
			buildConfigurationList = BDF3778F1A41350A007FC9BA /* Build configuration list for PBXNativeTarget "PracticeTime" */;
			buildPhases = (
				BDF3776C1A41350A007FC9BA /* Sources */,
				BDF3776D1A41350A007FC9BA /* Frameworks */,
				BDF3776E1A41350A007FC9BA /* Resources */,
			);
			buildRules = (
			);
			dependencies = (
			);
			name = PracticeTime;
			productName = tester;
			productReference = BDF377701A41350A007FC9BA /* PracticeTime.app */;
			productType = "com.apple.product-type.application";
		};
		BDF377841A41350A007FC9BA /* PracticeTimeTests */ = {
			isa = PBXNativeTarget;
			buildConfigurationList = BDF377921A41350A007FC9BA /* Build configuration list for PBXNativeTarget "PracticeTimeTests" */;
			buildPhases = (
				BDF377811A41350A007FC9BA /* Sources */,
				BDF377821A41350A007FC9BA /* Frameworks */,
				BDF377831A41350A007FC9BA /* Resources */,
			);
			buildRules = (
			);
			dependencies = (
				BDF377871A41350A007FC9BA /* PBXTargetDependency */,
			);
			name = PracticeTimeTests;
			productName = testerTests;
			productReference = BDF377851A41350A007FC9BA /* PracticeTimeTests.xctest */;
			productType = "com.apple.product-type.bundle.unit-test";
		};
/* End PBXNativeTarget section */

/* Begin PBXProject section */
		BDF377681A41350A007FC9BA /* Project object */ = {
			isa = PBXProject;
			attributes = {
				LastSwiftMigration = 0730;
				LastSwiftUpdateCheck = 0730;
				LastUpgradeCheck = 0730;
				ORGANIZATIONNAME = "John Cook";
				TargetAttributes = {
					BDF3776F1A41350A007FC9BA = {
						CreatedOnToolsVersion = 6.1.1;
						DevelopmentTeam = Q94UUT4TBF;
						SystemCapabilities = {
							com.apple.BackgroundModes = {
								enabled = 0;
							};
						};
					};
					BDF377841A41350A007FC9BA = {
						CreatedOnToolsVersion = 6.1.1;
						TestTargetID = BDF3776F1A41350A007FC9BA;
					};
				};
			};
			buildConfigurationList = BDF3776B1A41350A007FC9BA /* Build configuration list for PBXProject "PracticeTime" */;
			compatibilityVersion = "Xcode 3.2";
			developmentRegion = English;
			hasScannedForEncodings = 0;
			knownRegions = (
				en,
				Base,
			);
			mainGroup = BDF377671A41350A007FC9BA;
			productRefGroup = BDF377711A41350A007FC9BA /* Products */;
			projectDirPath = "";
			projectRoot = "";
			targets = (
				BDF3776F1A41350A007FC9BA /* PracticeTime */,
				BDF377841A41350A007FC9BA /* PracticeTimeTests */,
			);
		};
/* End PBXProject section */

/* Begin PBXResourcesBuildPhase section */
		BDF3776E1A41350A007FC9BA /* Resources */ = {
			isa = PBXResourcesBuildPhase;
			buildActionMask = 2147483647;
			files = (
				BD833B4F1D4C6EAD0034B233 /* list1.png in Resources */,
				BD833B4C1D4C6EAD0034B233 /* chart1.png in Resources */,
				BDF3777B1A41350A007FC9BA /* Main.storyboard in Resources */,
				BD833B4D1D4C6EAD0034B233 /* folder1.png in Resources */,
				BDF377801A41350A007FC9BA /* LaunchScreen.xib in Resources */,
				BD833B4E1D4C6EAD0034B233 /* gear1.png in Resources */,
				BDF3777D1A41350A007FC9BA /* Images.xcassets in Resources */,
			);
			runOnlyForDeploymentPostprocessing = 0;
		};
		BDF377831A41350A007FC9BA /* Resources */ = {
			isa = PBXResourcesBuildPhase;
			buildActionMask = 2147483647;
			files = (
			);
			runOnlyForDeploymentPostprocessing = 0;
		};
/* End PBXResourcesBuildPhase section */

/* Begin PBXSourcesBuildPhase section */
		BDF3776C1A41350A007FC9BA /* Sources */ = {
			isa = PBXSourcesBuildPhase;
			buildActionMask = 2147483647;
			files = (
				BD833B511D4F11200034B233 /* DetailViewController.swift in Sources */,
				BD833B531D4F14D50034B233 /* Folder.swift in Sources */,
				BD6862F31A41523400B08E61 /* Model.xcdatamodeld in Sources */,
				BDE711351AB55B5F0075A0F9 /* FolderPageViewController.swift in Sources */,
				BDE711371AB55E260075A0F9 /* TotalsPageViewController.swift in Sources */,
				BD6862F21A41516E00B08E61 /* Item.swift in Sources */,
				BDF3779C1A41368B007FC9BA /* DetailPageViewController.swift in Sources */,
				BDF377781A41350A007FC9BA /* PracticeTimeTableViewController.swift in Sources */,
				BDF3779E1A4136B9007FC9BA /* DataStore.swift in Sources */,
				BDF377761A41350A007FC9BA /* AppDelegate.swift in Sources */,
			);
			runOnlyForDeploymentPostprocessing = 0;
		};
		BDF377811A41350A007FC9BA /* Sources */ = {
			isa = PBXSourcesBuildPhase;
			buildActionMask = 2147483647;
			files = (
			);
			runOnlyForDeploymentPostprocessing = 0;
		};
/* End PBXSourcesBuildPhase section */

/* Begin PBXTargetDependency section */
		BDF377871A41350A007FC9BA /* PBXTargetDependency */ = {
			isa = PBXTargetDependency;
			target = BDF3776F1A41350A007FC9BA /* PracticeTime */;
			targetProxy = BDF377861A41350A007FC9BA /* PBXContainerItemProxy */;
		};
/* End PBXTargetDependency section */

/* Begin PBXVariantGroup section */
		BDF377791A41350A007FC9BA /* Main.storyboard */ = {
			isa = PBXVariantGroup;
			children = (
				BDF3777A1A41350A007FC9BA /* Base */,
			);
			name = Main.storyboard;
			sourceTree = "<group>";
		};
		BDF3777E1A41350A007FC9BA /* LaunchScreen.xib */ = {
			isa = PBXVariantGroup;
			children = (
				BDF3777F1A41350A007FC9BA /* Base */,
			);
			name = LaunchScreen.xib;
			sourceTree = "<group>";
		};
/* End PBXVariantGroup section */

/* Begin XCBuildConfiguration section */
		BDF3778D1A41350A007FC9BA /* Debug */ = {
			isa = XCBuildConfiguration;
			buildSettings = {
				ALWAYS_SEARCH_USER_PATHS = NO;
				CLANG_CXX_LANGUAGE_STANDARD = "gnu++0x";
				CLANG_CXX_LIBRARY = "libc++";
				CLANG_ENABLE_MODULES = YES;
				CLANG_ENABLE_OBJC_ARC = YES;
				CLANG_WARN_BOOL_CONVERSION = YES;
				CLANG_WARN_CONSTANT_CONVERSION = YES;
				CLANG_WARN_DIRECT_OBJC_ISA_USAGE = YES_ERROR;
				CLANG_WARN_EMPTY_BODY = YES;
				CLANG_WARN_ENUM_CONVERSION = YES;
				CLANG_WARN_INT_CONVERSION = YES;
				CLANG_WARN_OBJC_ROOT_CLASS = YES_ERROR;
				CLANG_WARN_UNREACHABLE_CODE = YES;
				CLANG_WARN__DUPLICATE_METHOD_MATCH = YES;
				"CODE_SIGN_IDENTITY[sdk=iphoneos*]" = "iPhone Developer";
				COPY_PHASE_STRIP = NO;
				ENABLE_STRICT_OBJC_MSGSEND = YES;
				ENABLE_TESTABILITY = YES;
				GCC_C_LANGUAGE_STANDARD = gnu99;
				GCC_DYNAMIC_NO_PIC = NO;
				GCC_OPTIMIZATION_LEVEL = 0;
				GCC_PREPROCESSOR_DEFINITIONS = (
					"DEBUG=1",
					"$(inherited)",
				);
				GCC_SYMBOLS_PRIVATE_EXTERN = NO;
				GCC_WARN_64_TO_32_BIT_CONVERSION = YES;
				GCC_WARN_ABOUT_RETURN_TYPE = YES_ERROR;
				GCC_WARN_UNDECLARED_SELECTOR = YES;
				GCC_WARN_UNINITIALIZED_AUTOS = YES_AGGRESSIVE;
				GCC_WARN_UNUSED_FUNCTION = YES;
				GCC_WARN_UNUSED_VARIABLE = YES;
				IPHONEOS_DEPLOYMENT_TARGET = 9.3;
				MTL_ENABLE_DEBUG_INFO = YES;
				ONLY_ACTIVE_ARCH = YES;
				SDKROOT = iphoneos;
				SWIFT_OPTIMIZATION_LEVEL = "-Onone";
				TARGETED_DEVICE_FAMILY = "1,2";
			};
			name = Debug;
		};
		BDF3778E1A41350A007FC9BA /* Release */ = {
			isa = XCBuildConfiguration;
			buildSettings = {
				ALWAYS_SEARCH_USER_PATHS = NO;
				CLANG_CXX_LANGUAGE_STANDARD = "gnu++0x";
				CLANG_CXX_LIBRARY = "libc++";
				CLANG_ENABLE_MODULES = YES;
				CLANG_ENABLE_OBJC_ARC = YES;
				CLANG_WARN_BOOL_CONVERSION = YES;
				CLANG_WARN_CONSTANT_CONVERSION = YES;
				CLANG_WARN_DIRECT_OBJC_ISA_USAGE = YES_ERROR;
				CLANG_WARN_EMPTY_BODY = YES;
				CLANG_WARN_ENUM_CONVERSION = YES;
				CLANG_WARN_INT_CONVERSION = YES;
				CLANG_WARN_OBJC_ROOT_CLASS = YES_ERROR;
				CLANG_WARN_UNREACHABLE_CODE = YES;
				CLANG_WARN__DUPLICATE_METHOD_MATCH = YES;
				"CODE_SIGN_IDENTITY[sdk=iphoneos*]" = "iPhone Developer";
				COPY_PHASE_STRIP = YES;
				ENABLE_NS_ASSERTIONS = NO;
				ENABLE_STRICT_OBJC_MSGSEND = YES;
				GCC_C_LANGUAGE_STANDARD = gnu99;
				GCC_WARN_64_TO_32_BIT_CONVERSION = YES;
				GCC_WARN_ABOUT_RETURN_TYPE = YES_ERROR;
				GCC_WARN_UNDECLARED_SELECTOR = YES;
				GCC_WARN_UNINITIALIZED_AUTOS = YES_AGGRESSIVE;
				GCC_WARN_UNUSED_FUNCTION = YES;
				GCC_WARN_UNUSED_VARIABLE = YES;
				IPHONEOS_DEPLOYMENT_TARGET = 9.3;
				MTL_ENABLE_DEBUG_INFO = NO;
				SDKROOT = iphoneos;
				TARGETED_DEVICE_FAMILY = "1,2";
				VALIDATE_PRODUCT = YES;
			};
			name = Release;
		};
		BDF377901A41350A007FC9BA /* Debug */ = {
			isa = XCBuildConfiguration;
			buildSettings = {
				ASSETCATALOG_COMPILER_APPICON_NAME = AppIcon;
				CLANG_ENABLE_MODULES = YES;
				CODE_SIGN_IDENTITY = "iPhone Developer";
				"CODE_SIGN_IDENTITY[sdk=iphoneos*]" = "iPhone Developer";
				INFOPLIST_FILE = "$(SRCROOT)/testerTests/Info.plist";
				LD_RUNPATH_SEARCH_PATHS = "$(inherited) @executable_path/Frameworks";
				PRODUCT_BUNDLE_IDENTIFIER = js.PracticeTime;
				PRODUCT_NAME = PracticeTime;
				PROVISIONING_PROFILE = "";
				SWIFT_INSTALL_OBJC_HEADER = NO;
				SWIFT_OBJC_BRIDGING_HEADER = "";
				SWIFT_OBJC_INTERFACE_HEADER_NAME = "";
				SWIFT_OPTIMIZATION_LEVEL = "-Onone";
				TARGETED_DEVICE_FAMILY = 1;
			};
			name = Debug;
		};
		BDF377911A41350A007FC9BA /* Release */ = {
			isa = XCBuildConfiguration;
			buildSettings = {
				ASSETCATALOG_COMPILER_APPICON_NAME = AppIcon;
				CLANG_ENABLE_MODULES = YES;
				CODE_SIGN_IDENTITY = "iPhone Developer";
				"CODE_SIGN_IDENTITY[sdk=iphoneos*]" = "iPhone Developer";
				INFOPLIST_FILE = "$(SRCROOT)/testerTests/Info.plist";
				LD_RUNPATH_SEARCH_PATHS = "$(inherited) @executable_path/Frameworks";
				PRODUCT_BUNDLE_IDENTIFIER = js.PracticeTime;
				PRODUCT_NAME = PracticeTime;
				PROVISIONING_PROFILE = "";
				SWIFT_INSTALL_OBJC_HEADER = NO;
				SWIFT_OBJC_BRIDGING_HEADER = "";
				SWIFT_OBJC_INTERFACE_HEADER_NAME = "";
				TARGETED_DEVICE_FAMILY = 1;
			};
			name = Release;
		};
		BDF377931A41350A007FC9BA /* Debug */ = {
			isa = XCBuildConfiguration;
			buildSettings = {
				BUNDLE_LOADER = "$(TEST_HOST)";
				FRAMEWORK_SEARCH_PATHS = (
					"$(SDKROOT)/Developer/Library/Frameworks",
					"$(inherited)",
				);
				GCC_PREPROCESSOR_DEFINITIONS = (
					"DEBUG=1",
					"$(inherited)",
				);
				INFOPLIST_FILE = testerTests/Info.plist;
				LD_RUNPATH_SEARCH_PATHS = "$(inherited) @executable_path/Frameworks @loader_path/Frameworks";
				PRODUCT_BUNDLE_IDENTIFIER = "jc.$(PRODUCT_NAME:rfc1034identifier)";
				PRODUCT_NAME = PracticeTimeTests;
				TEST_HOST = "$(BUILT_PRODUCTS_DIR)/tester.app/tester";
			};
			name = Debug;
		};
		BDF377941A41350A007FC9BA /* Release */ = {
			isa = XCBuildConfiguration;
			buildSettings = {
				BUNDLE_LOADER = "$(TEST_HOST)";
				FRAMEWORK_SEARCH_PATHS = (
					"$(SDKROOT)/Developer/Library/Frameworks",
					"$(inherited)",
				);
				INFOPLIST_FILE = testerTests/Info.plist;
				LD_RUNPATH_SEARCH_PATHS = "$(inherited) @executable_path/Frameworks @loader_path/Frameworks";
				PRODUCT_BUNDLE_IDENTIFIER = "jc.$(PRODUCT_NAME:rfc1034identifier)";
				PRODUCT_NAME = PracticeTimeTests;
				TEST_HOST = "$(BUILT_PRODUCTS_DIR)/tester.app/tester";
			};
			name = Release;
		};
/* End XCBuildConfiguration section */

/* Begin XCConfigurationList section */
		BDF3776B1A41350A007FC9BA /* Build configuration list for PBXProject "PracticeTime" */ = {
			isa = XCConfigurationList;
			buildConfigurations = (
				BDF3778D1A41350A007FC9BA /* Debug */,
				BDF3778E1A41350A007FC9BA /* Release */,
			);
			defaultConfigurationIsVisible = 0;
			defaultConfigurationName = Release;
		};
		BDF3778F1A41350A007FC9BA /* Build configuration list for PBXNativeTarget "PracticeTime" */ = {
			isa = XCConfigurationList;
			buildConfigurations = (
				BDF377901A41350A007FC9BA /* Debug */,
				BDF377911A41350A007FC9BA /* Release */,
			);
			defaultConfigurationIsVisible = 0;
			defaultConfigurationName = Release;
		};
		BDF377921A41350A007FC9BA /* Build configuration list for PBXNativeTarget "PracticeTimeTests" */ = {
			isa = XCConfigurationList;
			buildConfigurations = (
				BDF377931A41350A007FC9BA /* Debug */,
				BDF377941A41350A007FC9BA /* Release */,
			);
			defaultConfigurationIsVisible = 0;
			defaultConfigurationName = Release;
		};
/* End XCConfigurationList section */

/* Begin XCVersionGroup section */
		BDF377A61A413BFD007FC9BA /* Model.xcdatamodeld */ = {
			isa = XCVersionGroup;
			children = (
				BDF377A71A413BFD007FC9BA /* Model.xcdatamodel */,
			);
			currentVersion = BDF377A71A413BFD007FC9BA /* Model.xcdatamodel */;
			path = Model.xcdatamodeld;
			sourceTree = "<group>";
			versionGroupType = wrapper.xcdatamodel;
		};
/* End XCVersionGroup section */
	};
	rootObject = BDF377681A41350A007FC9BA /* Project object */;
}
