// !$*UTF8*$!
{
	archiveVersion = 1;
	classes = {
	};
	objectVersion = 46;
	objects = {

/* Begin PBXBuildFile section */
		BD4B049A1A5284760083730D /* PNBar.swift in Sources */ = {isa = PBXBuildFile; fileRef = BD4B04911A5284760083730D /* PNBar.swift */; };
		BD4B049B1A5284760083730D /* PNBarChart.swift in Sources */ = {isa = PBXBuildFile; fileRef = BD4B04921A5284760083730D /* PNBarChart.swift */; };
		BD4B049C1A5284760083730D /* PNChartConfig.swift in Sources */ = {isa = PBXBuildFile; fileRef = BD4B04931A5284760083730D /* PNChartConfig.swift */; };
		BD4B049D1A5284760083730D /* PNChartDelegate.swift in Sources */ = {isa = PBXBuildFile; fileRef = BD4B04941A5284760083730D /* PNChartDelegate.swift */; };
		BD4B049E1A5284760083730D /* PNChartLabel.swift in Sources */ = {isa = PBXBuildFile; fileRef = BD4B04961A5284760083730D /* PNChartLabel.swift */; };
		BD4B049F1A5284760083730D /* PNLineChart.swift in Sources */ = {isa = PBXBuildFile; fileRef = BD4B04971A5284760083730D /* PNLineChart.swift */; };
		BD4B04A01A5284760083730D /* PNLineChartData.swift in Sources */ = {isa = PBXBuildFile; fileRef = BD4B04981A5284760083730D /* PNLineChartData.swift */; };
		BD4B04A11A5284760083730D /* PNValue.swift in Sources */ = {isa = PBXBuildFile; fileRef = BD4B04991A5284760083730D /* PNValue.swift */; };
		BD4B04B71A52849D0083730D /* PNBar.m in Sources */ = {isa = PBXBuildFile; fileRef = BD4B04A41A52849D0083730D /* PNBar.m */; };
		BD4B04B81A52849D0083730D /* PNBarChart.m in Sources */ = {isa = PBXBuildFile; fileRef = BD4B04A61A52849D0083730D /* PNBarChart.m */; };
		BD4B04B91A52849D0083730D /* PNChartLabel.m in Sources */ = {isa = PBXBuildFile; fileRef = BD4B04AA1A52849D0083730D /* PNChartLabel.m */; };
		BD4B04BA1A52849D0083730D /* PNColor.m in Sources */ = {isa = PBXBuildFile; fileRef = BD4B04AC1A52849D0083730D /* PNColor.m */; };
		BD4B04BB1A52849D0083730D /* PNPieChart.m in Sources */ = {isa = PBXBuildFile; fileRef = BD4B04AE1A52849D0083730D /* PNPieChart.m */; };
		BD4B04BC1A52849D0083730D /* PNPieChartDataItem.m in Sources */ = {isa = PBXBuildFile; fileRef = BD4B04B01A52849D0083730D /* PNPieChartDataItem.m */; };
		BD4B04BD1A52849D0083730D /* PNScatterChart.m in Sources */ = {isa = PBXBuildFile; fileRef = BD4B04B21A52849D0083730D /* PNScatterChart.m */; };
		BD4B04BE1A52849D0083730D /* PNScatterChartData.m in Sources */ = {isa = PBXBuildFile; fileRef = BD4B04B41A52849D0083730D /* PNScatterChartData.m */; };
		BD4B04BF1A52849D0083730D /* PNScatterChartDataItem.m in Sources */ = {isa = PBXBuildFile; fileRef = BD4B04B61A52849D0083730D /* PNScatterChartDataItem.m */; };
		BD4B04C51A5284C20083730D /* PNCircleChart.m in Sources */ = {isa = PBXBuildFile; fileRef = BD4B04C21A5284C20083730D /* PNCircleChart.m */; };
		BD4B04C61A5284C20083730D /* UICountingLabel.m in Sources */ = {isa = PBXBuildFile; fileRef = BD4B04C41A5284C20083730D /* UICountingLabel.m */; };
		BD6862F21A41516E00B08E61 /* Piece.swift in Sources */ = {isa = PBXBuildFile; fileRef = BDF377A91A413CCD007FC9BA /* Piece.swift */; };
		BD6862F31A41523400B08E61 /* Model.xcdatamodeld in Sources */ = {isa = PBXBuildFile; fileRef = BDF377A61A413BFD007FC9BA /* Model.xcdatamodeld */; };
		BD7041791A57C51600B2C8EF /* Main.storyboard in Resources */ = {isa = PBXBuildFile; fileRef = BD7041771A57C51600B2C8EF /* Main.storyboard */; };
		BDEB609A1A588D0000427D45 /* burger.png in Resources */ = {isa = PBXBuildFile; fileRef = BDEB60901A588D0000427D45 /* burger.png */; };
		BDEB609B1A588D0000427D45 /* burger@2x.png in Resources */ = {isa = PBXBuildFile; fileRef = BDEB60911A588D0000427D45 /* burger@2x.png */; };
		BDEB609C1A588D0000427D45 /* gear.png in Resources */ = {isa = PBXBuildFile; fileRef = BDEB60921A588D0000427D45 /* gear.png */; };
		BDEB609D1A588D0000427D45 /* gear@2x.png in Resources */ = {isa = PBXBuildFile; fileRef = BDEB60931A588D0000427D45 /* gear@2x.png */; };
		BDEB609E1A588D0000427D45 /* globe.png in Resources */ = {isa = PBXBuildFile; fileRef = BDEB60941A588D0000427D45 /* globe.png */; };
		BDEB609F1A588D0000427D45 /* globe@2x.png in Resources */ = {isa = PBXBuildFile; fileRef = BDEB60951A588D0000427D45 /* globe@2x.png */; };
		BDEB60A01A588D0000427D45 /* profile.png in Resources */ = {isa = PBXBuildFile; fileRef = BDEB60961A588D0000427D45 /* profile.png */; };
		BDEB60A11A588D0000427D45 /* profile@2x.png in Resources */ = {isa = PBXBuildFile; fileRef = BDEB60971A588D0000427D45 /* profile@2x.png */; };
		BDEB60A21A588D0000427D45 /* star.png in Resources */ = {isa = PBXBuildFile; fileRef = BDEB60981A588D0000427D45 /* star.png */; };
		BDEB60A31A588D0000427D45 /* star@2x.png in Resources */ = {isa = PBXBuildFile; fileRef = BDEB60991A588D0000427D45 /* star@2x.png */; };
		BDEB60A51A588D1700427D45 /* FrostedSidebar.swift in Sources */ = {isa = PBXBuildFile; fileRef = BDEB60A41A588D1700427D45 /* FrostedSidebar.swift */; };
		BDEB60A71A58913E00427D45 /* TabBarController.swift in Sources */ = {isa = PBXBuildFile; fileRef = BDEB60A61A58913E00427D45 /* TabBarController.swift */; };
		BDEB60A91A58964000427D45 /* ViewController.swift in Sources */ = {isa = PBXBuildFile; fileRef = BDEB60A81A58964000427D45 /* ViewController.swift */; };
		BDEB60AF1A589FBB00427D45 /* folder.png in Resources */ = {isa = PBXBuildFile; fileRef = BDEB60AE1A589FBB00427D45 /* folder.png */; };
		BDEB60B11A58A09300427D45 /* list.png in Resources */ = {isa = PBXBuildFile; fileRef = BDEB60B01A58A09300427D45 /* list.png */; };
		BDEB60B31A58A36300427D45 /* chart.png in Resources */ = {isa = PBXBuildFile; fileRef = BDEB60B21A58A36300427D45 /* chart.png */; };
		BDF377761A41350A007FC9BA /* AppDelegate.swift in Sources */ = {isa = PBXBuildFile; fileRef = BDF377751A41350A007FC9BA /* AppDelegate.swift */; };
		BDF377781A41350A007FC9BA /* PracticeTimeTableViewController.swift in Sources */ = {isa = PBXBuildFile; fileRef = BDF377771A41350A007FC9BA /* PracticeTimeTableViewController.swift */; };
		BDF3777D1A41350A007FC9BA /* Images.xcassets in Resources */ = {isa = PBXBuildFile; fileRef = BDF3777C1A41350A007FC9BA /* Images.xcassets */; };
		BDF377801A41350A007FC9BA /* LaunchScreen.xib in Resources */ = {isa = PBXBuildFile; fileRef = BDF3777E1A41350A007FC9BA /* LaunchScreen.xib */; };
		BDF377981A413667007FC9BA /* DismissSegue.swift in Sources */ = {isa = PBXBuildFile; fileRef = BDF377971A413667007FC9BA /* DismissSegue.swift */; };
		BDF3779A1A41367F007FC9BA /* AddPieceViewController.swift in Sources */ = {isa = PBXBuildFile; fileRef = BDF377991A41367F007FC9BA /* AddPieceViewController.swift */; };
		BDF3779C1A41368B007FC9BA /* DetailPageViewController.swift in Sources */ = {isa = PBXBuildFile; fileRef = BDF3779B1A41368B007FC9BA /* DetailPageViewController.swift */; };
		BDF3779E1A4136B9007FC9BA /* PieceStorage.swift in Sources */ = {isa = PBXBuildFile; fileRef = BDF3779D1A4136B9007FC9BA /* PieceStorage.swift */; };
/* End PBXBuildFile section */

/* Begin PBXContainerItemProxy section */
		BDF377861A41350A007FC9BA /* PBXContainerItemProxy */ = {
			isa = PBXContainerItemProxy;
			containerPortal = BDF377681A41350A007FC9BA /* Project object */;
			proxyType = 1;
			remoteGlobalIDString = BDF3776F1A41350A007FC9BA;
			remoteInfo = tester;
		};
/* End PBXContainerItemProxy section */

/* Begin PBXFileReference section */
		BD20044E1A57B817007C873E /* PracticeTime-Bridging-Header.h */ = {isa = PBXFileReference; lastKnownFileType = sourcecode.c.h; path = "PracticeTime-Bridging-Header.h"; sourceTree = "<group>"; };
		BD4B04911A5284760083730D /* PNBar.swift */ = {isa = PBXFileReference; fileEncoding = 4; lastKnownFileType = sourcecode.swift; path = PNBar.swift; sourceTree = "<group>"; };
		BD4B04921A5284760083730D /* PNBarChart.swift */ = {isa = PBXFileReference; fileEncoding = 4; lastKnownFileType = sourcecode.swift; path = PNBarChart.swift; sourceTree = "<group>"; };
		BD4B04931A5284760083730D /* PNChartConfig.swift */ = {isa = PBXFileReference; fileEncoding = 4; lastKnownFileType = sourcecode.swift; path = PNChartConfig.swift; sourceTree = "<group>"; };
		BD4B04941A5284760083730D /* PNChartDelegate.swift */ = {isa = PBXFileReference; fileEncoding = 4; lastKnownFileType = sourcecode.swift; path = PNChartDelegate.swift; sourceTree = "<group>"; };
		BD4B04961A5284760083730D /* PNChartLabel.swift */ = {isa = PBXFileReference; fileEncoding = 4; lastKnownFileType = sourcecode.swift; path = PNChartLabel.swift; sourceTree = "<group>"; };
		BD4B04971A5284760083730D /* PNLineChart.swift */ = {isa = PBXFileReference; fileEncoding = 4; lastKnownFileType = sourcecode.swift; path = PNLineChart.swift; sourceTree = "<group>"; };
		BD4B04981A5284760083730D /* PNLineChartData.swift */ = {isa = PBXFileReference; fileEncoding = 4; lastKnownFileType = sourcecode.swift; path = PNLineChartData.swift; sourceTree = "<group>"; };
		BD4B04991A5284760083730D /* PNValue.swift */ = {isa = PBXFileReference; fileEncoding = 4; lastKnownFileType = sourcecode.swift; path = PNValue.swift; sourceTree = "<group>"; };
		BD4B04A31A52849D0083730D /* PNBar.h */ = {isa = PBXFileReference; fileEncoding = 4; lastKnownFileType = sourcecode.c.h; path = PNBar.h; sourceTree = "<group>"; };
		BD4B04A41A52849D0083730D /* PNBar.m */ = {isa = PBXFileReference; fileEncoding = 4; lastKnownFileType = sourcecode.c.objc; path = PNBar.m; sourceTree = "<group>"; };
		BD4B04A51A52849D0083730D /* PNBarChart.h */ = {isa = PBXFileReference; fileEncoding = 4; lastKnownFileType = sourcecode.c.h; path = PNBarChart.h; sourceTree = "<group>"; };
		BD4B04A61A52849D0083730D /* PNBarChart.m */ = {isa = PBXFileReference; fileEncoding = 4; lastKnownFileType = sourcecode.c.objc; path = PNBarChart.m; sourceTree = "<group>"; };
		BD4B04A71A52849D0083730D /* PNChart.h */ = {isa = PBXFileReference; fileEncoding = 4; lastKnownFileType = sourcecode.c.h; path = PNChart.h; sourceTree = "<group>"; };
		BD4B04A81A52849D0083730D /* PNChartDelegate.h */ = {isa = PBXFileReference; fileEncoding = 4; lastKnownFileType = sourcecode.c.h; path = PNChartDelegate.h; sourceTree = "<group>"; };
		BD4B04A91A52849D0083730D /* PNChartLabel.h */ = {isa = PBXFileReference; fileEncoding = 4; lastKnownFileType = sourcecode.c.h; path = PNChartLabel.h; sourceTree = "<group>"; };
		BD4B04AA1A52849D0083730D /* PNChartLabel.m */ = {isa = PBXFileReference; fileEncoding = 4; lastKnownFileType = sourcecode.c.objc; path = PNChartLabel.m; sourceTree = "<group>"; };
		BD4B04AB1A52849D0083730D /* PNColor.h */ = {isa = PBXFileReference; fileEncoding = 4; lastKnownFileType = sourcecode.c.h; path = PNColor.h; sourceTree = "<group>"; };
		BD4B04AC1A52849D0083730D /* PNColor.m */ = {isa = PBXFileReference; fileEncoding = 4; lastKnownFileType = sourcecode.c.objc; path = PNColor.m; sourceTree = "<group>"; };
		BD4B04AD1A52849D0083730D /* PNPieChart.h */ = {isa = PBXFileReference; fileEncoding = 4; lastKnownFileType = sourcecode.c.h; path = PNPieChart.h; sourceTree = "<group>"; };
		BD4B04AE1A52849D0083730D /* PNPieChart.m */ = {isa = PBXFileReference; fileEncoding = 4; lastKnownFileType = sourcecode.c.objc; path = PNPieChart.m; sourceTree = "<group>"; };
		BD4B04AF1A52849D0083730D /* PNPieChartDataItem.h */ = {isa = PBXFileReference; fileEncoding = 4; lastKnownFileType = sourcecode.c.h; path = PNPieChartDataItem.h; sourceTree = "<group>"; };
		BD4B04B01A52849D0083730D /* PNPieChartDataItem.m */ = {isa = PBXFileReference; fileEncoding = 4; lastKnownFileType = sourcecode.c.objc; path = PNPieChartDataItem.m; sourceTree = "<group>"; };
		BD4B04B11A52849D0083730D /* PNScatterChart.h */ = {isa = PBXFileReference; fileEncoding = 4; lastKnownFileType = sourcecode.c.h; path = PNScatterChart.h; sourceTree = "<group>"; };
		BD4B04B21A52849D0083730D /* PNScatterChart.m */ = {isa = PBXFileReference; fileEncoding = 4; lastKnownFileType = sourcecode.c.objc; path = PNScatterChart.m; sourceTree = "<group>"; };
		BD4B04B31A52849D0083730D /* PNScatterChartData.h */ = {isa = PBXFileReference; fileEncoding = 4; lastKnownFileType = sourcecode.c.h; path = PNScatterChartData.h; sourceTree = "<group>"; };
		BD4B04B41A52849D0083730D /* PNScatterChartData.m */ = {isa = PBXFileReference; fileEncoding = 4; lastKnownFileType = sourcecode.c.objc; path = PNScatterChartData.m; sourceTree = "<group>"; };
		BD4B04B51A52849D0083730D /* PNScatterChartDataItem.h */ = {isa = PBXFileReference; fileEncoding = 4; lastKnownFileType = sourcecode.c.h; path = PNScatterChartDataItem.h; sourceTree = "<group>"; };
		BD4B04B61A52849D0083730D /* PNScatterChartDataItem.m */ = {isa = PBXFileReference; fileEncoding = 4; lastKnownFileType = sourcecode.c.objc; path = PNScatterChartDataItem.m; sourceTree = "<group>"; };
		BD4B04C11A5284C20083730D /* PNCircleChart.h */ = {isa = PBXFileReference; fileEncoding = 4; lastKnownFileType = sourcecode.c.h; path = PNCircleChart.h; sourceTree = "<group>"; };
		BD4B04C21A5284C20083730D /* PNCircleChart.m */ = {isa = PBXFileReference; fileEncoding = 4; lastKnownFileType = sourcecode.c.objc; path = PNCircleChart.m; sourceTree = "<group>"; };
		BD4B04C31A5284C20083730D /* UICountingLabel.h */ = {isa = PBXFileReference; fileEncoding = 4; lastKnownFileType = sourcecode.c.h; path = UICountingLabel.h; sourceTree = "<group>"; };
		BD4B04C41A5284C20083730D /* UICountingLabel.m */ = {isa = PBXFileReference; fileEncoding = 4; lastKnownFileType = sourcecode.c.objc; path = UICountingLabel.m; sourceTree = "<group>"; };
		BD6862F41A41568100B08E61 /* PracticeTimeTableViewController.h */ = {isa = PBXFileReference; fileEncoding = 4; lastKnownFileType = sourcecode.c.h; path = PracticeTimeTableViewController.h; sourceTree = "<group>"; };
		BD7041781A57C51600B2C8EF /* Base */ = {isa = PBXFileReference; lastKnownFileType = file.storyboard; name = Base; path = Base.lproj/Main.storyboard; sourceTree = "<group>"; };
		BDEB60901A588D0000427D45 /* burger.png */ = {isa = PBXFileReference; lastKnownFileType = image.png; path = burger.png; sourceTree = "<group>"; };
		BDEB60911A588D0000427D45 /* burger@2x.png */ = {isa = PBXFileReference; lastKnownFileType = image.png; path = "burger@2x.png"; sourceTree = "<group>"; };
		BDEB60921A588D0000427D45 /* gear.png */ = {isa = PBXFileReference; lastKnownFileType = image.png; path = gear.png; sourceTree = "<group>"; };
		BDEB60931A588D0000427D45 /* gear@2x.png */ = {isa = PBXFileReference; lastKnownFileType = image.png; path = "gear@2x.png"; sourceTree = "<group>"; };
		BDEB60941A588D0000427D45 /* globe.png */ = {isa = PBXFileReference; lastKnownFileType = image.png; path = globe.png; sourceTree = "<group>"; };
		BDEB60951A588D0000427D45 /* globe@2x.png */ = {isa = PBXFileReference; lastKnownFileType = image.png; path = "globe@2x.png"; sourceTree = "<group>"; };
		BDEB60961A588D0000427D45 /* profile.png */ = {isa = PBXFileReference; lastKnownFileType = image.png; path = profile.png; sourceTree = "<group>"; };
		BDEB60971A588D0000427D45 /* profile@2x.png */ = {isa = PBXFileReference; lastKnownFileType = image.png; path = "profile@2x.png"; sourceTree = "<group>"; };
		BDEB60981A588D0000427D45 /* star.png */ = {isa = PBXFileReference; lastKnownFileType = image.png; path = star.png; sourceTree = "<group>"; };
		BDEB60991A588D0000427D45 /* star@2x.png */ = {isa = PBXFileReference; lastKnownFileType = image.png; path = "star@2x.png"; sourceTree = "<group>"; };
		BDEB60A41A588D1700427D45 /* FrostedSidebar.swift */ = {isa = PBXFileReference; fileEncoding = 4; lastKnownFileType = sourcecode.swift; path = FrostedSidebar.swift; sourceTree = "<group>"; };
		BDEB60A61A58913E00427D45 /* TabBarController.swift */ = {isa = PBXFileReference; fileEncoding = 4; lastKnownFileType = sourcecode.swift; path = TabBarController.swift; sourceTree = "<group>"; };
		BDEB60A81A58964000427D45 /* ViewController.swift */ = {isa = PBXFileReference; fileEncoding = 4; lastKnownFileType = sourcecode.swift; path = ViewController.swift; sourceTree = "<group>"; };
		BDEB60AE1A589FBB00427D45 /* folder.png */ = {isa = PBXFileReference; lastKnownFileType = image.png; path = folder.png; sourceTree = "<group>"; };
		BDEB60B01A58A09300427D45 /* list.png */ = {isa = PBXFileReference; lastKnownFileType = image.png; path = list.png; sourceTree = "<group>"; };
		BDEB60B21A58A36300427D45 /* chart.png */ = {isa = PBXFileReference; lastKnownFileType = image.png; path = chart.png; sourceTree = "<group>"; };
		BDF377701A41350A007FC9BA /* tester.app */ = {isa = PBXFileReference; explicitFileType = wrapper.application; includeInIndex = 0; path = tester.app; sourceTree = BUILT_PRODUCTS_DIR; };
		BDF377741A41350A007FC9BA /* Info.plist */ = {isa = PBXFileReference; lastKnownFileType = text.plist.xml; path = Info.plist; sourceTree = "<group>"; };
		BDF377751A41350A007FC9BA /* AppDelegate.swift */ = {isa = PBXFileReference; lastKnownFileType = sourcecode.swift; path = AppDelegate.swift; sourceTree = "<group>"; };
		BDF377771A41350A007FC9BA /* PracticeTimeTableViewController.swift */ = {isa = PBXFileReference; lastKnownFileType = sourcecode.swift; path = PracticeTimeTableViewController.swift; sourceTree = "<group>"; };
		BDF3777C1A41350A007FC9BA /* Images.xcassets */ = {isa = PBXFileReference; lastKnownFileType = folder.assetcatalog; path = Images.xcassets; sourceTree = "<group>"; };
		BDF3777F1A41350A007FC9BA /* Base */ = {isa = PBXFileReference; lastKnownFileType = file.xib; name = Base; path = Base.lproj/LaunchScreen.xib; sourceTree = "<group>"; };
		BDF377851A41350A007FC9BA /* testerTests.xctest */ = {isa = PBXFileReference; explicitFileType = wrapper.cfbundle; includeInIndex = 0; path = testerTests.xctest; sourceTree = BUILT_PRODUCTS_DIR; };
		BDF377971A413667007FC9BA /* DismissSegue.swift */ = {isa = PBXFileReference; fileEncoding = 4; lastKnownFileType = sourcecode.swift; path = DismissSegue.swift; sourceTree = "<group>"; };
		BDF377991A41367F007FC9BA /* AddPieceViewController.swift */ = {isa = PBXFileReference; fileEncoding = 4; lastKnownFileType = sourcecode.swift; path = AddPieceViewController.swift; sourceTree = "<group>"; };
		BDF3779B1A41368B007FC9BA /* DetailPageViewController.swift */ = {isa = PBXFileReference; fileEncoding = 4; lastKnownFileType = sourcecode.swift; path = DetailPageViewController.swift; sourceTree = "<group>"; };
		BDF3779D1A4136B9007FC9BA /* PieceStorage.swift */ = {isa = PBXFileReference; fileEncoding = 4; lastKnownFileType = sourcecode.swift; path = PieceStorage.swift; sourceTree = "<group>"; };
		BDF377A71A413BFD007FC9BA /* Model.xcdatamodel */ = {isa = PBXFileReference; lastKnownFileType = wrapper.xcdatamodel; path = Model.xcdatamodel; sourceTree = "<group>"; };
		BDF377A91A413CCD007FC9BA /* Piece.swift */ = {isa = PBXFileReference; fileEncoding = 4; lastKnownFileType = sourcecode.swift; path = Piece.swift; sourceTree = "<group>"; };
/* End PBXFileReference section */

/* Begin PBXFrameworksBuildPhase section */
		BDF3776D1A41350A007FC9BA /* Frameworks */ = {
			isa = PBXFrameworksBuildPhase;
			buildActionMask = 2147483647;
			files = (
			);
			runOnlyForDeploymentPostprocessing = 0;
		};
		BDF377821A41350A007FC9BA /* Frameworks */ = {
			isa = PBXFrameworksBuildPhase;
			buildActionMask = 2147483647;
			files = (
			);
			runOnlyForDeploymentPostprocessing = 0;
		};
/* End PBXFrameworksBuildPhase section */

/* Begin PBXGroup section */
		BD4B048F1A5284760083730D /* PNChart */ = {
			isa = PBXGroup;
			children = (
				BD4B04901A5284760083730D /* PNBarChart */,
				BD4B04931A5284760083730D /* PNChartConfig.swift */,
				BD4B04941A5284760083730D /* PNChartDelegate.swift */,
				BD4B04951A5284760083730D /* PNLineChart */,
				BD4B04991A5284760083730D /* PNValue.swift */,
			);
			path = PNChart;
			sourceTree = "<group>";
		};
		BD4B04901A5284760083730D /* PNBarChart */ = {
			isa = PBXGroup;
			children = (
				BD4B04911A5284760083730D /* PNBar.swift */,
				BD4B04921A5284760083730D /* PNBarChart.swift */,
			);
			path = PNBarChart;
			sourceTree = "<group>";
		};
		BD4B04951A5284760083730D /* PNLineChart */ = {
			isa = PBXGroup;
			children = (
				BD4B04961A5284760083730D /* PNChartLabel.swift */,
				BD4B04971A5284760083730D /* PNLineChart.swift */,
				BD4B04981A5284760083730D /* PNLineChartData.swift */,
			);
			path = PNLineChart;
			sourceTree = "<group>";
		};
		BD4B04A21A52849D0083730D /* PNChartObjC */ = {
			isa = PBXGroup;
			children = (
				BD4B04A31A52849D0083730D /* PNBar.h */,
				BD4B04A41A52849D0083730D /* PNBar.m */,
				BD4B04A51A52849D0083730D /* PNBarChart.h */,
				BD4B04A61A52849D0083730D /* PNBarChart.m */,
				BD4B04A71A52849D0083730D /* PNChart.h */,
				BD4B04A81A52849D0083730D /* PNChartDelegate.h */,
				BD4B04A91A52849D0083730D /* PNChartLabel.h */,
				BD4B04AA1A52849D0083730D /* PNChartLabel.m */,
				BD4B04AB1A52849D0083730D /* PNColor.h */,
				BD4B04AC1A52849D0083730D /* PNColor.m */,
				BD4B04AD1A52849D0083730D /* PNPieChart.h */,
				BD4B04AE1A52849D0083730D /* PNPieChart.m */,
				BD4B04AF1A52849D0083730D /* PNPieChartDataItem.h */,
				BD4B04B01A52849D0083730D /* PNPieChartDataItem.m */,
				BD4B04B11A52849D0083730D /* PNScatterChart.h */,
				BD4B04B21A52849D0083730D /* PNScatterChart.m */,
				BD4B04B31A52849D0083730D /* PNScatterChartData.h */,
				BD4B04B41A52849D0083730D /* PNScatterChartData.m */,
				BD4B04B51A52849D0083730D /* PNScatterChartDataItem.h */,
				BD4B04B61A52849D0083730D /* PNScatterChartDataItem.m */,
			);
			path = PNChartObjC;
			sourceTree = "<group>";
		};
		BDEB608F1A588CB600427D45 /* Menu Images */ = {
			isa = PBXGroup;
			children = (
				BDEB60B21A58A36300427D45 /* chart.png */,
				BDEB60B01A58A09300427D45 /* list.png */,
				BDEB60AE1A589FBB00427D45 /* folder.png */,
				BDEB60901A588D0000427D45 /* burger.png */,
				BDEB60911A588D0000427D45 /* burger@2x.png */,
				BDEB60921A588D0000427D45 /* gear.png */,
				BDEB60931A588D0000427D45 /* gear@2x.png */,
				BDEB60941A588D0000427D45 /* globe.png */,
				BDEB60951A588D0000427D45 /* globe@2x.png */,
				BDEB60961A588D0000427D45 /* profile.png */,
				BDEB60971A588D0000427D45 /* profile@2x.png */,
				BDEB60981A588D0000427D45 /* star.png */,
				BDEB60991A588D0000427D45 /* star@2x.png */,
			);
			name = "Menu Images";
			sourceTree = "<group>";
		};
		BDF377671A41350A007FC9BA = {
			isa = PBXGroup;
			children = (
				BDF377721A41350A007FC9BA /* tester */,
				BDF377881A41350A007FC9BA /* testerTests */,
				BDF377711A41350A007FC9BA /* Products */,
			);
			sourceTree = "<group>";
		};
		BDF377711A41350A007FC9BA /* Products */ = {
			isa = PBXGroup;
			children = (
				BDF377701A41350A007FC9BA /* tester.app */,
				BDF377851A41350A007FC9BA /* testerTests.xctest */,
			);
			name = Products;
			sourceTree = "<group>";
		};
		BDF377721A41350A007FC9BA /* tester */ = {
			isa = PBXGroup;
			children = (
				BDEB60A41A588D1700427D45 /* FrostedSidebar.swift */,
				BDEB60A61A58913E00427D45 /* TabBarController.swift */,
				BDEB60A81A58964000427D45 /* ViewController.swift */,
				BDF377751A41350A007FC9BA /* AppDelegate.swift */,
				BDF377771A41350A007FC9BA /* PracticeTimeTableViewController.swift */,
				BDF377971A413667007FC9BA /* DismissSegue.swift */,
				BDF377991A41367F007FC9BA /* AddPieceViewController.swift */,
				BDF377A61A413BFD007FC9BA /* Model.xcdatamodeld */,
				BDF3779B1A41368B007FC9BA /* DetailPageViewController.swift */,
				BDF3779D1A4136B9007FC9BA /* PieceStorage.swift */,
				BD7041771A57C51600B2C8EF /* Main.storyboard */,
				BDF3777E1A41350A007FC9BA /* LaunchScreen.xib */,
				BDF3777C1A41350A007FC9BA /* Images.xcassets */,
				BDF377A91A413CCD007FC9BA /* Piece.swift */,
				BD6862F41A41568100B08E61 /* PracticeTimeTableViewController.h */,
				BD4B04C11A5284C20083730D /* PNCircleChart.h */,
				BD4B04C21A5284C20083730D /* PNCircleChart.m */,
				BD4B04C31A5284C20083730D /* UICountingLabel.h */,
				BD4B04C41A5284C20083730D /* UICountingLabel.m */,
				BD4B04A21A52849D0083730D /* PNChartObjC */,
				BD4B048F1A5284760083730D /* PNChart */,
				BDF377731A41350A007FC9BA /* Supporting Files */,
			);
			path = tester;
			sourceTree = "<group>";
		};
		BDF377731A41350A007FC9BA /* Supporting Files */ = {
			isa = PBXGroup;
			children = (
				BDEB608F1A588CB600427D45 /* Menu Images */,
				BD20044E1A57B817007C873E /* PracticeTime-Bridging-Header.h */,
				BDF377741A41350A007FC9BA /* Info.plist */,
			);
			name = "Supporting Files";
			sourceTree = "<group>";
		};
		BDF377881A41350A007FC9BA /* testerTests */ = {
			isa = PBXGroup;
			children = (
				BDF377891A41350A007FC9BA /* Supporting Files */,
			);
			path = testerTests;
			sourceTree = "<group>";
		};
		BDF377891A41350A007FC9BA /* Supporting Files */ = {
			isa = PBXGroup;
			children = (
			);
			name = "Supporting Files";
			sourceTree = "<group>";
		};
/* End PBXGroup section */

/* Begin PBXNativeTarget section */
		BDF3776F1A41350A007FC9BA /* tester */ = {
			isa = PBXNativeTarget;
			buildConfigurationList = BDF3778F1A41350A007FC9BA /* Build configuration list for PBXNativeTarget "tester" */;
			buildPhases = (
				BDF3776C1A41350A007FC9BA /* Sources */,
				BDF3776D1A41350A007FC9BA /* Frameworks */,
				BDF3776E1A41350A007FC9BA /* Resources */,
			);
			buildRules = (
			);
			dependencies = (
			);
			name = tester;
			productName = tester;
			productReference = BDF377701A41350A007FC9BA /* tester.app */;
			productType = "com.apple.product-type.application";
		};
		BDF377841A41350A007FC9BA /* testerTests */ = {
			isa = PBXNativeTarget;
			buildConfigurationList = BDF377921A41350A007FC9BA /* Build configuration list for PBXNativeTarget "testerTests" */;
			buildPhases = (
				BDF377811A41350A007FC9BA /* Sources */,
				BDF377821A41350A007FC9BA /* Frameworks */,
				BDF377831A41350A007FC9BA /* Resources */,
			);
			buildRules = (
			);
			dependencies = (
				BDF377871A41350A007FC9BA /* PBXTargetDependency */,
			);
			name = testerTests;
			productName = testerTests;
			productReference = BDF377851A41350A007FC9BA /* testerTests.xctest */;
			productType = "com.apple.product-type.bundle.unit-test";
		};
/* End PBXNativeTarget section */

/* Begin PBXProject section */
		BDF377681A41350A007FC9BA /* Project object */ = {
			isa = PBXProject;
			attributes = {
				LastUpgradeCheck = 0610;
				ORGANIZATIONNAME = "John Cook";
				TargetAttributes = {
					BDF3776F1A41350A007FC9BA = {
						CreatedOnToolsVersion = 6.1.1;
						DevelopmentTeam = Q94UUT4TBF;
					};
					BDF377841A41350A007FC9BA = {
						CreatedOnToolsVersion = 6.1.1;
						TestTargetID = BDF3776F1A41350A007FC9BA;
					};
				};
			};
			buildConfigurationList = BDF3776B1A41350A007FC9BA /* Build configuration list for PBXProject "PracticeTime" */;
			compatibilityVersion = "Xcode 3.2";
			developmentRegion = English;
			hasScannedForEncodings = 0;
			knownRegions = (
				en,
				Base,
			);
			mainGroup = BDF377671A41350A007FC9BA;
			productRefGroup = BDF377711A41350A007FC9BA /* Products */;
			projectDirPath = "";
			projectRoot = "";
			targets = (
				BDF3776F1A41350A007FC9BA /* tester */,
				BDF377841A41350A007FC9BA /* testerTests */,
			);
		};
/* End PBXProject section */

/* Begin PBXResourcesBuildPhase section */
		BDF3776E1A41350A007FC9BA /* Resources */ = {
			isa = PBXResourcesBuildPhase;
			buildActionMask = 2147483647;
			files = (
				BDEB609A1A588D0000427D45 /* burger.png in Resources */,
				BDEB609D1A588D0000427D45 /* gear@2x.png in Resources */,
				BDEB609B1A588D0000427D45 /* burger@2x.png in Resources */,
				BDEB60A01A588D0000427D45 /* profile.png in Resources */,
				BDEB609C1A588D0000427D45 /* gear.png in Resources */,
				BDEB60A21A588D0000427D45 /* star.png in Resources */,
				BDEB60A11A588D0000427D45 /* profile@2x.png in Resources */,
				BD7041791A57C51600B2C8EF /* Main.storyboard in Resources */,
				BDEB60A31A588D0000427D45 /* star@2x.png in Resources */,
				BDEB609E1A588D0000427D45 /* globe.png in Resources */,
				BDEB609F1A588D0000427D45 /* globe@2x.png in Resources */,
				BDEB60B11A58A09300427D45 /* list.png in Resources */,
				BDF377801A41350A007FC9BA /* LaunchScreen.xib in Resources */,
				BDF3777D1A41350A007FC9BA /* Images.xcassets in Resources */,
				BDEB60B31A58A36300427D45 /* chart.png in Resources */,
				BDEB60AF1A589FBB00427D45 /* folder.png in Resources */,
			);
			runOnlyForDeploymentPostprocessing = 0;
		};
		BDF377831A41350A007FC9BA /* Resources */ = {
			isa = PBXResourcesBuildPhase;
			buildActionMask = 2147483647;
			files = (
			);
			runOnlyForDeploymentPostprocessing = 0;
		};
/* End PBXResourcesBuildPhase section */

/* Begin PBXSourcesBuildPhase section */
		BDF3776C1A41350A007FC9BA /* Sources */ = {
			isa = PBXSourcesBuildPhase;
			buildActionMask = 2147483647;
			files = (
				BDEB60A91A58964000427D45 /* ViewController.swift in Sources */,
				BD4B049B1A5284760083730D /* PNBarChart.swift in Sources */,
				BD4B049E1A5284760083730D /* PNChartLabel.swift in Sources */,
				BD6862F31A41523400B08E61 /* Model.xcdatamodeld in Sources */,
				BD4B04A11A5284760083730D /* PNValue.swift in Sources */,
				BD4B04B71A52849D0083730D /* PNBar.m in Sources */,
				BD6862F21A41516E00B08E61 /* Piece.swift in Sources */,
				BDF3779C1A41368B007FC9BA /* DetailPageViewController.swift in Sources */,
				BD4B04BE1A52849D0083730D /* PNScatterChartData.m in Sources */,
				BDEB60A51A588D1700427D45 /* FrostedSidebar.swift in Sources */,
				BD4B049A1A5284760083730D /* PNBar.swift in Sources */,
				BDF377781A41350A007FC9BA /* PracticeTimeTableViewController.swift in Sources */,
				BD4B04BD1A52849D0083730D /* PNScatterChart.m in Sources */,
				BD4B04C61A5284C20083730D /* UICountingLabel.m in Sources */,
				BD4B04BA1A52849D0083730D /* PNColor.m in Sources */,
				BDF3779A1A41367F007FC9BA /* AddPieceViewController.swift in Sources */,
				BD4B049D1A5284760083730D /* PNChartDelegate.swift in Sources */,
				BD4B04BC1A52849D0083730D /* PNPieChartDataItem.m in Sources */,
				BD4B04B91A52849D0083730D /* PNChartLabel.m in Sources */,
				BDF3779E1A4136B9007FC9BA /* PieceStorage.swift in Sources */,
				BDF377981A413667007FC9BA /* DismissSegue.swift in Sources */,
				BD4B04BB1A52849D0083730D /* PNPieChart.m in Sources */,
				BDF377761A41350A007FC9BA /* AppDelegate.swift in Sources */,
				BD4B049F1A5284760083730D /* PNLineChart.swift in Sources */,
				BDEB60A71A58913E00427D45 /* TabBarController.swift in Sources */,
				BD4B049C1A5284760083730D /* PNChartConfig.swift in Sources */,
				BD4B04C51A5284C20083730D /* PNCircleChart.m in Sources */,
				BD4B04BF1A52849D0083730D /* PNScatterChartDataItem.m in Sources */,
				BD4B04B81A52849D0083730D /* PNBarChart.m in Sources */,
				BD4B04A01A5284760083730D /* PNLineChartData.swift in Sources */,
			);
			runOnlyForDeploymentPostprocessing = 0;
		};
		BDF377811A41350A007FC9BA /* Sources */ = {
			isa = PBXSourcesBuildPhase;
			buildActionMask = 2147483647;
			files = (
			);
			runOnlyForDeploymentPostprocessing = 0;
		};
/* End PBXSourcesBuildPhase section */

/* Begin PBXTargetDependency section */
		BDF377871A41350A007FC9BA /* PBXTargetDependency */ = {
			isa = PBXTargetDependency;
			target = BDF3776F1A41350A007FC9BA /* tester */;
			targetProxy = BDF377861A41350A007FC9BA /* PBXContainerItemProxy */;
		};
/* End PBXTargetDependency section */

/* Begin PBXVariantGroup section */
		BD7041771A57C51600B2C8EF /* Main.storyboard */ = {
			isa = PBXVariantGroup;
			children = (
				BD7041781A57C51600B2C8EF /* Base */,
			);
			name = Main.storyboard;
			sourceTree = "<group>";
		};
		BDF3777E1A41350A007FC9BA /* LaunchScreen.xib */ = {
			isa = PBXVariantGroup;
			children = (
				BDF3777F1A41350A007FC9BA /* Base */,
			);
			name = LaunchScreen.xib;
			sourceTree = "<group>";
		};
/* End PBXVariantGroup section */

/* Begin XCBuildConfiguration section */
		BDF3778D1A41350A007FC9BA /* Debug */ = {
			isa = XCBuildConfiguration;
			buildSettings = {
				ALWAYS_SEARCH_USER_PATHS = NO;
				CLANG_CXX_LANGUAGE_STANDARD = "gnu++0x";
				CLANG_CXX_LIBRARY = "libc++";
				CLANG_ENABLE_MODULES = YES;
				CLANG_ENABLE_OBJC_ARC = YES;
				CLANG_WARN_BOOL_CONVERSION = YES;
				CLANG_WARN_CONSTANT_CONVERSION = YES;
				CLANG_WARN_DIRECT_OBJC_ISA_USAGE = YES_ERROR;
				CLANG_WARN_EMPTY_BODY = YES;
				CLANG_WARN_ENUM_CONVERSION = YES;
				CLANG_WARN_INT_CONVERSION = YES;
				CLANG_WARN_OBJC_ROOT_CLASS = YES_ERROR;
				CLANG_WARN_UNREACHABLE_CODE = YES;
				CLANG_WARN__DUPLICATE_METHOD_MATCH = YES;
				"CODE_SIGN_IDENTITY[sdk=iphoneos*]" = "iPhone Developer";
				COPY_PHASE_STRIP = NO;
				ENABLE_STRICT_OBJC_MSGSEND = YES;
				GCC_C_LANGUAGE_STANDARD = gnu99;
				GCC_DYNAMIC_NO_PIC = NO;
				GCC_OPTIMIZATION_LEVEL = 0;
				GCC_PREPROCESSOR_DEFINITIONS = (
					"DEBUG=1",
					"$(inherited)",
				);
				GCC_SYMBOLS_PRIVATE_EXTERN = NO;
				GCC_WARN_64_TO_32_BIT_CONVERSION = YES;
				GCC_WARN_ABOUT_RETURN_TYPE = YES_ERROR;
				GCC_WARN_UNDECLARED_SELECTOR = YES;
				GCC_WARN_UNINITIALIZED_AUTOS = YES_AGGRESSIVE;
				GCC_WARN_UNUSED_FUNCTION = YES;
				GCC_WARN_UNUSED_VARIABLE = YES;
				IPHONEOS_DEPLOYMENT_TARGET = 8.1;
				MTL_ENABLE_DEBUG_INFO = YES;
				ONLY_ACTIVE_ARCH = YES;
				SDKROOT = iphoneos;
				SWIFT_OPTIMIZATION_LEVEL = "-Onone";
				TARGETED_DEVICE_FAMILY = "1,2";
			};
			name = Debug;
		};
		BDF3778E1A41350A007FC9BA /* Release */ = {
			isa = XCBuildConfiguration;
			buildSettings = {
				ALWAYS_SEARCH_USER_PATHS = NO;
				CLANG_CXX_LANGUAGE_STANDARD = "gnu++0x";
				CLANG_CXX_LIBRARY = "libc++";
				CLANG_ENABLE_MODULES = YES;
				CLANG_ENABLE_OBJC_ARC = YES;
				CLANG_WARN_BOOL_CONVERSION = YES;
				CLANG_WARN_CONSTANT_CONVERSION = YES;
				CLANG_WARN_DIRECT_OBJC_ISA_USAGE = YES_ERROR;
				CLANG_WARN_EMPTY_BODY = YES;
				CLANG_WARN_ENUM_CONVERSION = YES;
				CLANG_WARN_INT_CONVERSION = YES;
				CLANG_WARN_OBJC_ROOT_CLASS = YES_ERROR;
				CLANG_WARN_UNREACHABLE_CODE = YES;
				CLANG_WARN__DUPLICATE_METHOD_MATCH = YES;
				"CODE_SIGN_IDENTITY[sdk=iphoneos*]" = "iPhone Developer";
				COPY_PHASE_STRIP = YES;
				ENABLE_NS_ASSERTIONS = NO;
				ENABLE_STRICT_OBJC_MSGSEND = YES;
				GCC_C_LANGUAGE_STANDARD = gnu99;
				GCC_WARN_64_TO_32_BIT_CONVERSION = YES;
				GCC_WARN_ABOUT_RETURN_TYPE = YES_ERROR;
				GCC_WARN_UNDECLARED_SELECTOR = YES;
				GCC_WARN_UNINITIALIZED_AUTOS = YES_AGGRESSIVE;
				GCC_WARN_UNUSED_FUNCTION = YES;
				GCC_WARN_UNUSED_VARIABLE = YES;
				IPHONEOS_DEPLOYMENT_TARGET = 8.1;
				MTL_ENABLE_DEBUG_INFO = NO;
				SDKROOT = iphoneos;
				TARGETED_DEVICE_FAMILY = "1,2";
				VALIDATE_PRODUCT = YES;
			};
			name = Release;
		};
		BDF377901A41350A007FC9BA /* Debug */ = {
			isa = XCBuildConfiguration;
			buildSettings = {
				ASSETCATALOG_COMPILER_APPICON_NAME = AppIcon;
				CODE_SIGN_IDENTITY = "iPhone Developer";
				INFOPLIST_FILE = tester/Info.plist;
				LD_RUNPATH_SEARCH_PATHS = "$(inherited) @executable_path/Frameworks";
				PRODUCT_NAME = tester;
				SWIFT_OBJC_BRIDGING_HEADER = "PracticeTime-Bridging-Header.h";
			};
			name = Debug;
		};
		BDF377911A41350A007FC9BA /* Release */ = {
			isa = XCBuildConfiguration;
			buildSettings = {
				ASSETCATALOG_COMPILER_APPICON_NAME = AppIcon;
				CODE_SIGN_IDENTITY = "iPhone Developer";
				INFOPLIST_FILE = tester/Info.plist;
				LD_RUNPATH_SEARCH_PATHS = "$(inherited) @executable_path/Frameworks";
				PRODUCT_NAME = tester;
				SWIFT_OBJC_BRIDGING_HEADER = "PracticeTime-Bridging-Header.h";
			};
			name = Release;
		};
		BDF377931A41350A007FC9BA /* Debug */ = {
			isa = XCBuildConfiguration;
			buildSettings = {
				BUNDLE_LOADER = "$(TEST_HOST)";
				FRAMEWORK_SEARCH_PATHS = (
					"$(SDKROOT)/Developer/Library/Frameworks",
					"$(inherited)",
				);
				GCC_PREPROCESSOR_DEFINITIONS = (
					"DEBUG=1",
					"$(inherited)",
				);
				INFOPLIST_FILE = testerTests/Info.plist;
				LD_RUNPATH_SEARCH_PATHS = "$(inherited) @executable_path/Frameworks @loader_path/Frameworks";
				PRODUCT_NAME = "$(TARGET_NAME)";
				TEST_HOST = "$(BUILT_PRODUCTS_DIR)/tester.app/tester";
			};
			name = Debug;
		};
		BDF377941A41350A007FC9BA /* Release */ = {
			isa = XCBuildConfiguration;
			buildSettings = {
				BUNDLE_LOADER = "$(TEST_HOST)";
				FRAMEWORK_SEARCH_PATHS = (
					"$(SDKROOT)/Developer/Library/Frameworks",
					"$(inherited)",
				);
				INFOPLIST_FILE = testerTests/Info.plist;
				LD_RUNPATH_SEARCH_PATHS = "$(inherited) @executable_path/Frameworks @loader_path/Frameworks";
				PRODUCT_NAME = "$(TARGET_NAME)";
				TEST_HOST = "$(BUILT_PRODUCTS_DIR)/tester.app/tester";
			};
			name = Release;
		};
/* End XCBuildConfiguration section */

/* Begin XCConfigurationList section */
		BDF3776B1A41350A007FC9BA /* Build configuration list for PBXProject "PracticeTime" */ = {
			isa = XCConfigurationList;
			buildConfigurations = (
				BDF3778D1A41350A007FC9BA /* Debug */,
				BDF3778E1A41350A007FC9BA /* Release */,
			);
			defaultConfigurationIsVisible = 0;
			defaultConfigurationName = Release;
		};
		BDF3778F1A41350A007FC9BA /* Build configuration list for PBXNativeTarget "tester" */ = {
			isa = XCConfigurationList;
			buildConfigurations = (
				BDF377901A41350A007FC9BA /* Debug */,
				BDF377911A41350A007FC9BA /* Release */,
			);
			defaultConfigurationIsVisible = 0;
			defaultConfigurationName = Release;
		};
		BDF377921A41350A007FC9BA /* Build configuration list for PBXNativeTarget "testerTests" */ = {
			isa = XCConfigurationList;
			buildConfigurations = (
				BDF377931A41350A007FC9BA /* Debug */,
				BDF377941A41350A007FC9BA /* Release */,
			);
			defaultConfigurationIsVisible = 0;
			defaultConfigurationName = Release;
		};
/* End XCConfigurationList section */

/* Begin XCVersionGroup section */
		BDF377A61A413BFD007FC9BA /* Model.xcdatamodeld */ = {
			isa = XCVersionGroup;
			children = (
				BDF377A71A413BFD007FC9BA /* Model.xcdatamodel */,
			);
			currentVersion = BDF377A71A413BFD007FC9BA /* Model.xcdatamodel */;
			path = Model.xcdatamodeld;
			sourceTree = "<group>";
			versionGroupType = wrapper.xcdatamodel;
		};
/* End XCVersionGroup section */
	};
	rootObject = BDF377681A41350A007FC9BA /* Project object */;
}
